uuid: 4d92be08-16db-4139-94ed-9b0fd00cb0f4
langcode: en
status: true
dependencies:
  module:
    - go_back
    - system
  theme:
    - casella
id: gobackblock
theme: casella
region: node_content
weight: 0
provider: null
plugin: go_back
settings:
  id: go_back
  label: 'Go Back to search page'
  provider: go_back
  label_display: '0'
  'Blog Post':
    go_back: ''
    quick_display: 0
    smart_mode: 0
  'Casella Globals':
    go_back: ''
    quick_display: 0
    smart_mode: 0
  'Case Study':
    go_back: ''
    quick_display: 0
    smart_mode: 0
  'Content Promotion':
    go_back: ''
    quick_display: 0
    smart_mode: 0
  'FAQ Landing Page':
    go_back: ''
    quick_display: 0
    smart_mode: 0
  'Full Width Promotion':
    go_back: ''
    quick_display: 0
    smart_mode: 0
  'Organics Update':
    go_back: ''
    quick_display: 0
    smart_mode: 0
  Job:
    go_back: ''
    quick_display: 0
    smart_mode: 0
  'Landing Page':
    go_back: ''
    quick_display: 0
    smart_mode: 0
  Location:
    go_back: /holiday-schedule
    quick_display: 1
    smart_mode: 1
  Page:
    go_back: ''
    quick_display: 0
    smart_mode: 0
  'Earthlife Product':
    go_back: ''
    quick_display: 0
    smart_mode: 0
  'Earthlife Product Category':
    go_back: ''
    quick_display: 0
    smart_mode: 0
  'Recycle Better Page':
    go_back: ''
    quick_display: 0
    smart_mode: 0
  'Organics Service':
    go_back: ''
    quick_display: 0
    smart_mode: 0
  'Sidebar Promotion':
    go_back: ''
    quick_display: 0
    smart_mode: 0
  Market:
    go_back: ''
    quick_display: 0
    smart_mode: 0
  'Subsection Homepage':
    go_back: ''
    quick_display: 0
    smart_mode: 0
  Testimonial:
    go_back: ''
    quick_display: 0
    smart_mode: 0
  custom_url: ''
  particular_path:
    /holiday-schedule:
      custom_url: ''
      quick_display: 0
      smart_mode: 0
    '/node/*/holiday-schedule':
      custom_url: /holiday-schedule
      quick_display: 1
      smart_mode: 1
    '/node/{node}/holiday-schedule':
      custom_url: /holiday-schedule
      quick_display: 1
      smart_mode: 1
visibility:
  request_path:
    id: request_path
    pages: '/node/*/holiday-schedule'
    negate: false
    context_mapping: {  }
